%{
  "cc_precompiler": {:hex, :cc_precompiler, "0.1.11", "8c844d0b9fb98a3edea067f94f616b3f6b29b959b6b3bf25fee94ffe34364768", [:mix], [{:elixir_make, "~> 0.7", [hex: :elixir_make, repo: "hexpm", optional: false]}], "hexpm", "3427232caf0835f94680e5bcf082408a70b48ad68a5f5c0b02a3bea9f3a075b9"},
  "duckdbex": {:hex, :duckdbex, "0.4.1", "776c5b16bb6db2229b158e10f3d07d82dc5a004a6c8ddaf8c8b66d6f29bd1c93", [:make, :mix], [{:cc_precompiler, "~> 0.1", [hex: :cc_precompiler, repo: "hexpm", optional: false]}, {:elixir_make, "~> 0.8", [hex: :elixir_make, repo: "hexpm", optional: false]}], "hexpm", "499c278bc6148fb248a90a4208fd6e862f322be43821cd6795fbef3eb4e93423"},
  "elixir_make": {:hex, :elixir_make, "0.10.0", "16577e2583a79bb79237bbff349619ef5d80afffc07eac6e4faf0d00e2ddaf7d", [:mix], [], "hexpm", "dc1f09fb7fa68866b886abd5f0f3c83553b1a19a52359a899e92af1bb3b31982"},
  "fix_alchemy": {:hex, :fix_alchemy, "0.2.0", "c1ff6ec1412b8fe254c57a6e5ca39b3be8e2c081ac3a087d62f23f42b95d135a", [:mix], [], "hexpm", "352a6a4a5f184ae5219fd4dc5010319383115041ffd592d20ca6eb85607898d2"},
  "fxlite_alchemy": {:git, "https://github.com/jaman/fxlite_alchemy.git", "560b94f426fc7d7ee7af93d7891337ba6edd4196", []},
}
